
Microsoft Visual Studio Solution File, Format Version 12.00
# Visual Studio Version 17
VisualStudioVersion = 17.5.33414.496
MinimumVisualStudioVersion = 10.0.40219.1
Project("{FAE04EC0-301F-11D3-BF4B-00C04F79EFBC}") = "KitabxanaAPP", "KitabxanaAPP\KitabxanaAPP.csproj", "{2BDCB4FB-D672-42DF-83DB-97729FF86735}"
EndProject
Global
	GlobalSection(SolutionConfigurationPlatforms) = preSolution
		Debug|Any CPU = Debug|Any CPU
		Release|Any CPU = Release|Any CPU
	EndGlobalSection
	GlobalSection(ProjectConfigurationPlatforms) = postSolution
		{2BDCB4FB-D672-42DF-83DB-97729FF86735}.Debug|Any CPU.ActiveCfg = Debug|Any CPU
		{2BDCB4FB-D672-42DF-83DB-97729FF86735}.Debug|Any CPU.Build.0 = Debug|Any CPU
		{2BDCB4FB-D672-42DF-83DB-97729FF86735}.Release|Any CPU.ActiveCfg = Release|Any CPU
		{2BDCB4FB-D672-42DF-83DB-97729FF86735}.Release|Any CPU.Build.0 = Release|Any CPU
	EndGlobalSection
	GlobalSection(SolutionProperties) = preSolution
		HideSolutionNode = FALSE
	EndGlobalSection
	GlobalSection(ExtensibilityGlobals) = postSolution
		SolutionGuid = {97474026-12EB-4ACD-9580-85BBAF2C7DA7}
	EndGlobalSection
EndGlobal
